
Microsoft Visual Studio Solution File, Format Version 12.00
# Visual Studio Version 17
VisualStudioVersion = 17.2.32630.192
MinimumVisualStudioVersion = 10.0.40219.1
Project("{FAE04EC0-301F-11D3-BF4B-00C04F79EFBC}") = "YeniProje_OOP", "YeniProje_OOP\YeniProje_OOP.csproj", "{077EA8F6-557D-450F-8B56-81F86FD76245}"
EndProject
Global
	GlobalSection(SolutionConfigurationPlatforms) = preSolution
		Debug|Any CPU = Debug|Any CPU
		Release|Any CPU = Release|Any CPU
	EndGlobalSection
	GlobalSection(ProjectConfigurationPlatforms) = postSolution
		{077EA8F6-557D-450F-8B56-81F86FD76245}.Debug|Any CPU.ActiveCfg = Debug|Any CPU
		{077EA8F6-557D-450F-8B56-81F86FD76245}.Debug|Any CPU.Build.0 = Debug|Any CPU
		{077EA8F6-557D-450F-8B56-81F86FD76245}.Release|Any CPU.ActiveCfg = Release|Any CPU
		{077EA8F6-557D-450F-8B56-81F86FD76245}.Release|Any CPU.Build.0 = Release|Any CPU
	EndGlobalSection
	GlobalSection(SolutionProperties) = preSolution
		HideSolutionNode = FALSE
	EndGlobalSection
	GlobalSection(ExtensibilityGlobals) = postSolution
		SolutionGuid = {3803F561-3B3C-4775-99D4-855C61E9D022}
	EndGlobalSection
EndGlobal
